
Microsoft Visual Studio Solution File, Format Version 12.00
# Visual Studio Version 17
VisualStudioVersion = 17.1.32414.318
MinimumVisualStudioVersion = 10.0.40219.1
Project("{FAE04EC0-301F-11D3-BF4B-00C04F79EFBC}") = "WpfApp1", "WpfApp1\WpfApp1.csproj", "{ADDD5E2B-6449-436C-8C0E-13E40CA12409}"
EndProject
Global
	GlobalSection(SolutionConfigurationPlatforms) = preSolution
		Debug|Any CPU = Debug|Any CPU
		Release|Any CPU = Release|Any CPU
	EndGlobalSection
	GlobalSection(ProjectConfigurationPlatforms) = postSolution
		{ADDD5E2B-6449-436C-8C0E-13E40CA12409}.Debug|Any CPU.ActiveCfg = Debug|Any CPU
		{ADDD5E2B-6449-436C-8C0E-13E40CA12409}.Debug|Any CPU.Build.0 = Debug|Any CPU
		{ADDD5E2B-6449-436C-8C0E-13E40CA12409}.Release|Any CPU.ActiveCfg = Release|Any CPU
		{ADDD5E2B-6449-436C-8C0E-13E40CA12409}.Release|Any CPU.Build.0 = Release|Any CPU
	EndGlobalSection
	GlobalSection(SolutionProperties) = preSolution
		HideSolutionNode = FALSE
	EndGlobalSection
	GlobalSection(ExtensibilityGlobals) = postSolution
		SolutionGuid = {FAAA8AE3-40C0-439D-8976-69682EA76C3A}
	EndGlobalSection
EndGlobal
